
Microsoft Visual Studio Solution File, Format Version 12.00
# Visual Studio 15
VisualStudioVersion = 15.0.28016.0
MinimumVisualStudioVersion = 10.0.40219.1
Project("{9A19103F-16F7-4668-BE54-9A1E7A4F7556}") = "Sentry.Demo.App", "Sentry.Demo.App\Sentry.Demo.App.csproj", "{859716AB-45B6-4F58-9DDB-E797BF957D5F}"
EndProject
Global
	GlobalSection(SolutionConfigurationPlatforms) = preSolution
		Debug|Any CPU = Debug|Any CPU
		Release|Any CPU = Release|Any CPU
	EndGlobalSection
	GlobalSection(ProjectConfigurationPlatforms) = postSolution
		{859716AB-45B6-4F58-9DDB-E797BF957D5F}.Debug|Any CPU.ActiveCfg = Debug|Any CPU
		{859716AB-45B6-4F58-9DDB-E797BF957D5F}.Debug|Any CPU.Build.0 = Debug|Any CPU
		{859716AB-45B6-4F58-9DDB-E797BF957D5F}.Release|Any CPU.ActiveCfg = Release|Any CPU
		{859716AB-45B6-4F58-9DDB-E797BF957D5F}.Release|Any CPU.Build.0 = Release|Any CPU
	EndGlobalSection
	GlobalSection(SolutionProperties) = preSolution
		HideSolutionNode = FALSE
	EndGlobalSection
	GlobalSection(ExtensibilityGlobals) = postSolution
		SolutionGuid = {62AEB078-C51B-4297-BC28-FA17AE9408EF}
	EndGlobalSection
EndGlobal
